
Microsoft Visual Studio Solution File, Format Version 12.00
# Visual Studio Version 16
VisualStudioVersion = 16.0.30406.217
MinimumVisualStudioVersion = 10.0.40219.1
Project("{FAE04EC0-301F-11D3-BF4B-00C04F79EFBC}") = "CollectionExamples", "CollectionExamples\CollectionExamples.csproj", "{3EED5455-76F9-4756-A917-A4DFF3BE7BE5}"
EndProject
Global
	GlobalSection(SolutionConfigurationPlatforms) = preSolution
		Debug|Any CPU = Debug|Any CPU
		Release|Any CPU = Release|Any CPU
	EndGlobalSection
	GlobalSection(ProjectConfigurationPlatforms) = postSolution
		{3EED5455-76F9-4756-A917-A4DFF3BE7BE5}.Debug|Any CPU.ActiveCfg = Debug|Any CPU
		{3EED5455-76F9-4756-A917-A4DFF3BE7BE5}.Debug|Any CPU.Build.0 = Debug|Any CPU
		{3EED5455-76F9-4756-A917-A4DFF3BE7BE5}.Release|Any CPU.ActiveCfg = Release|Any CPU
		{3EED5455-76F9-4756-A917-A4DFF3BE7BE5}.Release|Any CPU.Build.0 = Release|Any CPU
	EndGlobalSection
	GlobalSection(SolutionProperties) = preSolution
		HideSolutionNode = FALSE
	EndGlobalSection
	GlobalSection(ExtensibilityGlobals) = postSolution
		SolutionGuid = {8E509940-8689-4538-A324-1E3336E1E527}
	EndGlobalSection
EndGlobal
